
Microsoft Visual Studio Solution File, Format Version 12.00
# Visual Studio Version 16
VisualStudioVersion = 16.0.28803.352
MinimumVisualStudioVersion = 10.0.40219.1
Project("{9A19103F-16F7-4668-BE54-9A1E7A4F7556}") = "Synapse Bot", "Synapse Bot\Synapse Bot.csproj", "{92B9EA08-2B87-49B8-A239-76D7A865E712}"
EndProject
Project("{FAE04EC0-301F-11D3-BF4B-00C04F79EFBC}") = "Synapse Bootstrapper", "Synapse Bootstrapper\Synapse Bootstrapper.csproj", "{85FDC387-B8C8-4086-A287-3D50814C0BF4}"
EndProject
Project("{FAE04EC0-301F-11D3-BF4B-00C04F79EFBC}") = "Synapse Configuration Generator", "Synapse Configuration Generator\Synapse Configuration Generator.csproj", "{58567669-46EE-4930-B9D9-888644F368C6}"
EndProject
Project("{8BC9CEB8-8B4A-11D0-8D11-00A0C91BC942}") = "Synapse Scripts", "Synapse Scripts\Synapse Scripts.vcxproj", "{10FD142F-AD5D-44DE-B18C-932106A33EE5}"
EndProject
Project("{8BC9CEB8-8B4A-11D0-8D11-00A0C91BC942}") = "Synapse", "Synapse\Src\Synapse.vcxproj", "{FB6543A2-122A-40FA-920B-7EC9671B90F3}"
EndProject
Project("{8BC9CEB8-8B4A-11D0-8D11-00A0C91BC942}") = "Synapse Debug Injector", "Synapse Debug Injector\Synapse Debug Injector.vcxproj", "{B81216EE-9CE6-40C1-AA68-DD80353F10E6}"
EndProject
Project("{8BC9CEB8-8B4A-11D0-8D11-00A0C91BC942}") = "Synapse Injector", "Synapse Injector\Src\Synapse Injector.vcxproj", "{5E38B15B-1999-4D1F-A99A-4854C7896E5F}"
EndProject
Project("{FAE04EC0-301F-11D3-BF4B-00C04F79EFBC}") = "Synapse Chat Server", "Synapse Chat Server\Synapse Chat Server.csproj", "{9300DE27-3FF6-4015-9F00-BE6F5E2258AE}"
EndProject
Project("{FAE04EC0-301F-11D3-BF4B-00C04F79EFBC}") = "Synapse UI WPF", "Synapse UI WPF\Synapse UI WPF.csproj", "{478009EF-CC2D-4C7B-9DBB-1B8B606AB7A2}"
EndProject
Project("{FAE04EC0-301F-11D3-BF4B-00C04F79EFBC}") = "Synapse Launcher", "Synapse Launcher\Synapse Launcher.csproj", "{B2289CA6-2C26-41F8-AE22-5F859D93CE58}"
EndProject
Project("{FAE04EC0-301F-11D3-BF4B-00C04F79EFBC}") = "Synapse UI External", "Synapse UI External\Synapse UI External.csproj", "{8A91934A-ECCA-4AD4-867B-AB0A9BEC052F}"
EndProject
Project("{FAE04EC0-301F-11D3-BF4B-00C04F79EFBC}") = "Synapse X UI", "Synapse Open Source UI\Synapse X UI.csproj", "{1FB08301-CC6B-4E48-A918-B96BF4F4D089}"
EndProject
Global
	GlobalSection(SolutionConfigurationPlatforms) = preSolution
		Debug|Any CPU = Debug|Any CPU
		Debug|x64 = Debug|x64
		Debug|x86 = Debug|x86
		PseudoDebug|Any CPU = PseudoDebug|Any CPU
		PseudoDebug|x64 = PseudoDebug|x64
		PseudoDebug|x86 = PseudoDebug|x86
		Release|Any CPU = Release|Any CPU
		Release|x64 = Release|x64
		Release|x86 = Release|x86
	EndGlobalSection
	GlobalSection(ProjectConfigurationPlatforms) = postSolution
		{92B9EA08-2B87-49B8-A239-76D7A865E712}.Debug|Any CPU.ActiveCfg = Debug|Any CPU
		{92B9EA08-2B87-49B8-A239-76D7A865E712}.Debug|Any CPU.Build.0 = Debug|Any CPU
		{92B9EA08-2B87-49B8-A239-76D7A865E712}.Debug|x64.ActiveCfg = Debug|Any CPU
		{92B9EA08-2B87-49B8-A239-76D7A865E712}.Debug|x64.Build.0 = Debug|Any CPU
		{92B9EA08-2B87-49B8-A239-76D7A865E712}.Debug|x86.ActiveCfg = Debug|Any CPU
		{92B9EA08-2B87-49B8-A239-76D7A865E712}.Debug|x86.Build.0 = Debug|Any CPU
		{92B9EA08-2B87-49B8-A239-76D7A865E712}.PseudoDebug|Any CPU.ActiveCfg = PseudoDebug|Any CPU
		{92B9EA08-2B87-49B8-A239-76D7A865E712}.PseudoDebug|Any CPU.Build.0 = PseudoDebug|Any CPU
		{92B9EA08-2B87-49B8-A239-76D7A865E712}.PseudoDebug|x64.ActiveCfg = PseudoDebug|Any CPU
		{92B9EA08-2B87-49B8-A239-76D7A865E712}.PseudoDebug|x64.Build.0 = PseudoDebug|Any CPU
		{92B9EA08-2B87-49B8-A239-76D7A865E712}.PseudoDebug|x86.ActiveCfg = PseudoDebug|Any CPU
		{92B9EA08-2B87-49B8-A239-76D7A865E712}.PseudoDebug|x86.Build.0 = PseudoDebug|Any CPU
		{92B9EA08-2B87-49B8-A239-76D7A865E712}.Release|Any CPU.ActiveCfg = Release|Any CPU
		{92B9EA08-2B87-49B8-A239-76D7A865E712}.Release|Any CPU.Build.0 = Release|Any CPU
		{92B9EA08-2B87-49B8-A239-76D7A865E712}.Release|x64.ActiveCfg = Release|Any CPU
		{92B9EA08-2B87-49B8-A239-76D7A865E712}.Release|x64.Build.0 = Release|Any CPU
		{92B9EA08-2B87-49B8-A239-76D7A865E712}.Release|x86.ActiveCfg = Release|Any CPU
		{92B9EA08-2B87-49B8-A239-76D7A865E712}.Release|x86.Build.0 = Release|Any CPU
		{85FDC387-B8C8-4086-A287-3D50814C0BF4}.Debug|Any CPU.ActiveCfg = Debug|Any CPU
		{85FDC387-B8C8-4086-A287-3D50814C0BF4}.Debug|Any CPU.Build.0 = Debug|Any CPU
		{85FDC387-B8C8-4086-A287-3D50814C0BF4}.Debug|x64.ActiveCfg = Debug|Any CPU
		{85FDC387-B8C8-4086-A287-3D50814C0BF4}.Debug|x64.Build.0 = Debug|Any CPU
		{85FDC387-B8C8-4086-A287-3D50814C0BF4}.Debug|x86.ActiveCfg = Debug|Any CPU
		{85FDC387-B8C8-4086-A287-3D50814C0BF4}.Debug|x86.Build.0 = Debug|Any CPU
		{85FDC387-B8C8-4086-A287-3D50814C0BF4}.PseudoDebug|Any CPU.ActiveCfg = PseudoDebug|Any CPU
		{85FDC387-B8C8-4086-A287-3D50814C0BF4}.PseudoDebug|Any CPU.Build.0 = PseudoDebug|Any CPU
		{85FDC387-B8C8-4086-A287-3D50814C0BF4}.PseudoDebug|x64.ActiveCfg = PseudoDebug|Any CPU
		{85FDC387-B8C8-4086-A287-3D50814C0BF4}.PseudoDebug|x64.Build.0 = PseudoDebug|Any CPU
		{85FDC387-B8C8-4086-A287-3D50814C0BF4}.PseudoDebug|x86.ActiveCfg = PseudoDebug|x86
		{85FDC387-B8C8-4086-A287-3D50814C0BF4}.PseudoDebug|x86.Build.0 = PseudoDebug|x86
		{85FDC387-B8C8-4086-A287-3D50814C0BF4}.Release|Any CPU.ActiveCfg = Release|Any CPU
		{85FDC387-B8C8-4086-A287-3D50814C0BF4}.Release|Any CPU.Build.0 = Release|Any CPU
		{85FDC387-B8C8-4086-A287-3D50814C0BF4}.Release|x64.ActiveCfg = Release|Any CPU
		{85FDC387-B8C8-4086-A287-3D50814C0BF4}.Release|x64.Build.0 = Release|Any CPU
		{85FDC387-B8C8-4086-A287-3D50814C0BF4}.Release|x86.ActiveCfg = Release|x86
		{85FDC387-B8C8-4086-A287-3D50814C0BF4}.Release|x86.Build.0 = Release|x86
		{58567669-46EE-4930-B9D9-888644F368C6}.Debug|Any CPU.ActiveCfg = Debug|Any CPU
		{58567669-46EE-4930-B9D9-888644F368C6}.Debug|Any CPU.Build.0 = Debug|Any CPU
		{58567669-46EE-4930-B9D9-888644F368C6}.Debug|x64.ActiveCfg = Debug|Any CPU
		{58567669-46EE-4930-B9D9-888644F368C6}.Debug|x64.Build.0 = Debug|Any CPU
		{58567669-46EE-4930-B9D9-888644F368C6}.Debug|x86.ActiveCfg = Debug|Any CPU
		{58567669-46EE-4930-B9D9-888644F368C6}.Debug|x86.Build.0 = Debug|Any CPU
		{58567669-46EE-4930-B9D9-888644F368C6}.PseudoDebug|Any CPU.ActiveCfg = PseudoDebug|Any CPU
		{58567669-46EE-4930-B9D9-888644F368C6}.PseudoDebug|Any CPU.Build.0 = PseudoDebug|Any CPU
		{58567669-46EE-4930-B9D9-888644F368C6}.PseudoDebug|x64.ActiveCfg = PseudoDebug|Any CPU
		{58567669-46EE-4930-B9D9-888644F368C6}.PseudoDebug|x64.Build.0 = PseudoDebug|Any CPU
		{58567669-46EE-4930-B9D9-888644F368C6}.PseudoDebug|x86.ActiveCfg = PseudoDebug|Any CPU
		{58567669-46EE-4930-B9D9-888644F368C6}.PseudoDebug|x86.Build.0 = PseudoDebug|Any CPU
		{58567669-46EE-4930-B9D9-888644F368C6}.Release|Any CPU.ActiveCfg = Release|Any CPU
		{58567669-46EE-4930-B9D9-888644F368C6}.Release|Any CPU.Build.0 = Release|Any CPU
		{58567669-46EE-4930-B9D9-888644F368C6}.Release|x64.ActiveCfg = Release|Any CPU
		{58567669-46EE-4930-B9D9-888644F368C6}.Release|x64.Build.0 = Release|Any CPU
		{58567669-46EE-4930-B9D9-888644F368C6}.Release|x86.ActiveCfg = Release|Any CPU
		{58567669-46EE-4930-B9D9-888644F368C6}.Release|x86.Build.0 = Release|Any CPU
		{10FD142F-AD5D-44DE-B18C-932106A33EE5}.Debug|Any CPU.ActiveCfg = Debug|Win32
		{10FD142F-AD5D-44DE-B18C-932106A33EE5}.Debug|x64.ActiveCfg = Debug|x64
		{10FD142F-AD5D-44DE-B18C-932106A33EE5}.Debug|x64.Build.0 = Debug|x64
		{10FD142F-AD5D-44DE-B18C-932106A33EE5}.Debug|x86.ActiveCfg = Debug|Win32
		{10FD142F-AD5D-44DE-B18C-932106A33EE5}.Debug|x86.Build.0 = Debug|Win32
		{10FD142F-AD5D-44DE-B18C-932106A33EE5}.PseudoDebug|Any CPU.ActiveCfg = PseudoDebug|Win32
		{10FD142F-AD5D-44DE-B18C-932106A33EE5}.PseudoDebug|x64.ActiveCfg = PseudoDebug|x64
		{10FD142F-AD5D-44DE-B18C-932106A33EE5}.PseudoDebug|x64.Build.0 = PseudoDebug|x64
		{10FD142F-AD5D-44DE-B18C-932106A33EE5}.PseudoDebug|x86.ActiveCfg = PseudoDebug|Win32
		{10FD142F-AD5D-44DE-B18C-932106A33EE5}.PseudoDebug|x86.Build.0 = PseudoDebug|Win32
		{10FD142F-AD5D-44DE-B18C-932106A33EE5}.Release|Any CPU.ActiveCfg = Release|Win32
		{10FD142F-AD5D-44DE-B18C-932106A33EE5}.Release|x64.ActiveCfg = Release|x64
		{10FD142F-AD5D-44DE-B18C-932106A33EE5}.Release|x64.Build.0 = Release|x64
		{10FD142F-AD5D-44DE-B18C-932106A33EE5}.Release|x86.ActiveCfg = Release|Win32
		{10FD142F-AD5D-44DE-B18C-932106A33EE5}.Release|x86.Build.0 = Release|Win32
		{FB6543A2-122A-40FA-920B-7EC9671B90F3}.Debug|Any CPU.ActiveCfg = Debug|Win32
		{FB6543A2-122A-40FA-920B-7EC9671B90F3}.Debug|x64.ActiveCfg = Debug|x64
		{FB6543A2-122A-40FA-920B-7EC9671B90F3}.Debug|x64.Build.0 = Debug|x64
		{FB6543A2-122A-40FA-920B-7EC9671B90F3}.Debug|x86.ActiveCfg = Debug|Win32
		{FB6543A2-122A-40FA-920B-7EC9671B90F3}.Debug|x86.Build.0 = Debug|Win32
		{FB6543A2-122A-40FA-920B-7EC9671B90F3}.PseudoDebug|Any CPU.ActiveCfg = PseudoDebug|Win32
		{FB6543A2-122A-40FA-920B-7EC9671B90F3}.PseudoDebug|x64.ActiveCfg = PseudoDebug|x64
		{FB6543A2-122A-40FA-920B-7EC9671B90F3}.PseudoDebug|x64.Build.0 = PseudoDebug|x64
		{FB6543A2-122A-40FA-920B-7EC9671B90F3}.PseudoDebug|x86.ActiveCfg = PseudoDebug|Win32
		{FB6543A2-122A-40FA-920B-7EC9671B90F3}.PseudoDebug|x86.Build.0 = PseudoDebug|Win32
		{FB6543A2-122A-40FA-920B-7EC9671B90F3}.Release|Any CPU.ActiveCfg = Release|Win32
		{FB6543A2-122A-40FA-920B-7EC9671B90F3}.Release|x64.ActiveCfg = Release|x64
		{FB6543A2-122A-40FA-920B-7EC9671B90F3}.Release|x64.Build.0 = Release|x64
		{FB6543A2-122A-40FA-920B-7EC9671B90F3}.Release|x86.ActiveCfg = Release|Win32
		{FB6543A2-122A-40FA-920B-7EC9671B90F3}.Release|x86.Build.0 = Release|Win32
		{B81216EE-9CE6-40C1-AA68-DD80353F10E6}.Debug|Any CPU.ActiveCfg = Debug|Win32
		{B81216EE-9CE6-40C1-AA68-DD80353F10E6}.Debug|x64.ActiveCfg = Debug|x64
		{B81216EE-9CE6-40C1-AA68-DD80353F10E6}.Debug|x64.Build.0 = Debug|x64
		{B81216EE-9CE6-40C1-AA68-DD80353F10E6}.Debug|x86.ActiveCfg = Debug|Win32
		{B81216EE-9CE6-40C1-AA68-DD80353F10E6}.Debug|x86.Build.0 = Debug|Win32
		{B81216EE-9CE6-40C1-AA68-DD80353F10E6}.PseudoDebug|Any CPU.ActiveCfg = PseudoDebug|Win32
		{B81216EE-9CE6-40C1-AA68-DD80353F10E6}.PseudoDebug|x64.ActiveCfg = PseudoDebug|x64
		{B81216EE-9CE6-40C1-AA68-DD80353F10E6}.PseudoDebug|x64.Build.0 = PseudoDebug|x64
		{B81216EE-9CE6-40C1-AA68-DD80353F10E6}.PseudoDebug|x86.ActiveCfg = PseudoDebug|Win32
		{B81216EE-9CE6-40C1-AA68-DD80353F10E6}.PseudoDebug|x86.Build.0 = PseudoDebug|Win32
		{B81216EE-9CE6-40C1-AA68-DD80353F10E6}.Release|Any CPU.ActiveCfg = Release|Win32
		{B81216EE-9CE6-40C1-AA68-DD80353F10E6}.Release|x64.ActiveCfg = Release|x64
		{B81216EE-9CE6-40C1-AA68-DD80353F10E6}.Release|x64.Build.0 = Release|x64
		{B81216EE-9CE6-40C1-AA68-DD80353F10E6}.Release|x86.ActiveCfg = Release|Win32
		{B81216EE-9CE6-40C1-AA68-DD80353F10E6}.Release|x86.Build.0 = Release|Win32
		{5E38B15B-1999-4D1F-A99A-4854C7896E5F}.Debug|Any CPU.ActiveCfg = Debug|Win32
		{5E38B15B-1999-4D1F-A99A-4854C7896E5F}.Debug|x64.ActiveCfg = Debug|x64
		{5E38B15B-1999-4D1F-A99A-4854C7896E5F}.Debug|x64.Build.0 = Debug|x64
		{5E38B15B-1999-4D1F-A99A-4854C7896E5F}.Debug|x86.ActiveCfg = Debug|Win32
		{5E38B15B-1999-4D1F-A99A-4854C7896E5F}.Debug|x86.Build.0 = Debug|Win32
		{5E38B15B-1999-4D1F-A99A-4854C7896E5F}.PseudoDebug|Any CPU.ActiveCfg = PseudoDebug|Win32
		{5E38B15B-1999-4D1F-A99A-4854C7896E5F}.PseudoDebug|x64.ActiveCfg = PseudoDebug|x64
		{5E38B15B-1999-4D1F-A99A-4854C7896E5F}.PseudoDebug|x64.Build.0 = PseudoDebug|x64
		{5E38B15B-1999-4D1F-A99A-4854C7896E5F}.PseudoDebug|x86.ActiveCfg = PseudoDebug|Win32
		{5E38B15B-1999-4D1F-A99A-4854C7896E5F}.PseudoDebug|x86.Build.0 = PseudoDebug|Win32
		{5E38B15B-1999-4D1F-A99A-4854C7896E5F}.Release|Any CPU.ActiveCfg = Release|Win32
		{5E38B15B-1999-4D1F-A99A-4854C7896E5F}.Release|x64.ActiveCfg = Release|x64
		{5E38B15B-1999-4D1F-A99A-4854C7896E5F}.Release|x64.Build.0 = Release|x64
		{5E38B15B-1999-4D1F-A99A-4854C7896E5F}.Release|x86.ActiveCfg = Release|Win32
		{5E38B15B-1999-4D1F-A99A-4854C7896E5F}.Release|x86.Build.0 = Release|Win32
		{9300DE27-3FF6-4015-9F00-BE6F5E2258AE}.Debug|Any CPU.ActiveCfg = Debug|Any CPU
		{9300DE27-3FF6-4015-9F00-BE6F5E2258AE}.Debug|Any CPU.Build.0 = Debug|Any CPU
		{9300DE27-3FF6-4015-9F00-BE6F5E2258AE}.Debug|x64.ActiveCfg = Debug|Any CPU
		{9300DE27-3FF6-4015-9F00-BE6F5E2258AE}.Debug|x64.Build.0 = Debug|Any CPU
		{9300DE27-3FF6-4015-9F00-BE6F5E2258AE}.Debug|x86.ActiveCfg = Debug|Any CPU
		{9300DE27-3FF6-4015-9F00-BE6F5E2258AE}.Debug|x86.Build.0 = Debug|Any CPU
		{9300DE27-3FF6-4015-9F00-BE6F5E2258AE}.PseudoDebug|Any CPU.ActiveCfg = PseudoDebug|Any CPU
		{9300DE27-3FF6-4015-9F00-BE6F5E2258AE}.PseudoDebug|Any CPU.Build.0 = PseudoDebug|Any CPU
		{9300DE27-3FF6-4015-9F00-BE6F5E2258AE}.PseudoDebug|x64.ActiveCfg = PseudoDebug|Any CPU
		{9300DE27-3FF6-4015-9F00-BE6F5E2258AE}.PseudoDebug|x64.Build.0 = PseudoDebug|Any CPU
		{9300DE27-3FF6-4015-9F00-BE6F5E2258AE}.PseudoDebug|x86.ActiveCfg = PseudoDebug|Any CPU
		{9300DE27-3FF6-4015-9F00-BE6F5E2258AE}.PseudoDebug|x86.Build.0 = PseudoDebug|Any CPU
		{9300DE27-3FF6-4015-9F00-BE6F5E2258AE}.Release|Any CPU.ActiveCfg = Release|Any CPU
		{9300DE27-3FF6-4015-9F00-BE6F5E2258AE}.Release|Any CPU.Build.0 = Release|Any CPU
		{9300DE27-3FF6-4015-9F00-BE6F5E2258AE}.Release|x64.ActiveCfg = Release|Any CPU
		{9300DE27-3FF6-4015-9F00-BE6F5E2258AE}.Release|x64.Build.0 = Release|Any CPU
		{9300DE27-3FF6-4015-9F00-BE6F5E2258AE}.Release|x86.ActiveCfg = Release|Any CPU
		{9300DE27-3FF6-4015-9F00-BE6F5E2258AE}.Release|x86.Build.0 = Release|Any CPU
		{478009EF-CC2D-4C7B-9DBB-1B8B606AB7A2}.Debug|Any CPU.ActiveCfg = Debug|Any CPU
		{478009EF-CC2D-4C7B-9DBB-1B8B606AB7A2}.Debug|Any CPU.Build.0 = Debug|Any CPU
		{478009EF-CC2D-4C7B-9DBB-1B8B606AB7A2}.Debug|x64.ActiveCfg = Debug|Any CPU
		{478009EF-CC2D-4C7B-9DBB-1B8B606AB7A2}.Debug|x64.Build.0 = Debug|Any CPU
		{478009EF-CC2D-4C7B-9DBB-1B8B606AB7A2}.Debug|x86.ActiveCfg = Debug|x86
		{478009EF-CC2D-4C7B-9DBB-1B8B606AB7A2}.Debug|x86.Build.0 = Debug|x86
		{478009EF-CC2D-4C7B-9DBB-1B8B606AB7A2}.PseudoDebug|Any CPU.ActiveCfg = PseudoDebug|Any CPU
		{478009EF-CC2D-4C7B-9DBB-1B8B606AB7A2}.PseudoDebug|Any CPU.Build.0 = PseudoDebug|Any CPU
		{478009EF-CC2D-4C7B-9DBB-1B8B606AB7A2}.PseudoDebug|x64.ActiveCfg = PseudoDebug|x64
		{478009EF-CC2D-4C7B-9DBB-1B8B606AB7A2}.PseudoDebug|x64.Build.0 = PseudoDebug|x64
		{478009EF-CC2D-4C7B-9DBB-1B8B606AB7A2}.PseudoDebug|x86.ActiveCfg = PseudoDebug|x86
		{478009EF-CC2D-4C7B-9DBB-1B8B606AB7A2}.PseudoDebug|x86.Build.0 = PseudoDebug|x86
		{478009EF-CC2D-4C7B-9DBB-1B8B606AB7A2}.Release|Any CPU.ActiveCfg = Release|Any CPU
		{478009EF-CC2D-4C7B-9DBB-1B8B606AB7A2}.Release|Any CPU.Build.0 = Release|Any CPU
		{478009EF-CC2D-4C7B-9DBB-1B8B606AB7A2}.Release|x64.ActiveCfg = Release|Any CPU
		{478009EF-CC2D-4C7B-9DBB-1B8B606AB7A2}.Release|x64.Build.0 = Release|Any CPU
		{478009EF-CC2D-4C7B-9DBB-1B8B606AB7A2}.Release|x86.ActiveCfg = Release|x86
		{478009EF-CC2D-4C7B-9DBB-1B8B606AB7A2}.Release|x86.Build.0 = Release|x86
		{B2289CA6-2C26-41F8-AE22-5F859D93CE58}.Debug|Any CPU.ActiveCfg = Debug|Any CPU
		{B2289CA6-2C26-41F8-AE22-5F859D93CE58}.Debug|Any CPU.Build.0 = Debug|Any CPU
		{B2289CA6-2C26-41F8-AE22-5F859D93CE58}.Debug|x64.ActiveCfg = Debug|Any CPU
		{B2289CA6-2C26-41F8-AE22-5F859D93CE58}.Debug|x64.Build.0 = Debug|Any CPU
		{B2289CA6-2C26-41F8-AE22-5F859D93CE58}.Debug|x86.ActiveCfg = Debug|Any CPU
		{B2289CA6-2C26-41F8-AE22-5F859D93CE58}.Debug|x86.Build.0 = Debug|Any CPU
		{B2289CA6-2C26-41F8-AE22-5F859D93CE58}.PseudoDebug|Any CPU.ActiveCfg = PseudoDebug|Any CPU
		{B2289CA6-2C26-41F8-AE22-5F859D93CE58}.PseudoDebug|Any CPU.Build.0 = PseudoDebug|Any CPU
		{B2289CA6-2C26-41F8-AE22-5F859D93CE58}.PseudoDebug|x64.ActiveCfg = PseudoDebug|Any CPU
		{B2289CA6-2C26-41F8-AE22-5F859D93CE58}.PseudoDebug|x64.Build.0 = PseudoDebug|Any CPU
		{B2289CA6-2C26-41F8-AE22-5F859D93CE58}.PseudoDebug|x86.ActiveCfg = PseudoDebug|Any CPU
		{B2289CA6-2C26-41F8-AE22-5F859D93CE58}.PseudoDebug|x86.Build.0 = PseudoDebug|Any CPU
		{B2289CA6-2C26-41F8-AE22-5F859D93CE58}.Release|Any CPU.ActiveCfg = Release|Any CPU
		{B2289CA6-2C26-41F8-AE22-5F859D93CE58}.Release|Any CPU.Build.0 = Release|Any CPU
		{B2289CA6-2C26-41F8-AE22-5F859D93CE58}.Release|x64.ActiveCfg = Release|Any CPU
		{B2289CA6-2C26-41F8-AE22-5F859D93CE58}.Release|x64.Build.0 = Release|Any CPU
		{B2289CA6-2C26-41F8-AE22-5F859D93CE58}.Release|x86.ActiveCfg = Release|Any CPU
		{B2289CA6-2C26-41F8-AE22-5F859D93CE58}.Release|x86.Build.0 = Release|Any CPU
		{8A91934A-ECCA-4AD4-867B-AB0A9BEC052F}.Debug|Any CPU.ActiveCfg = Debug|Any CPU
		{8A91934A-ECCA-4AD4-867B-AB0A9BEC052F}.Debug|Any CPU.Build.0 = Debug|Any CPU
		{8A91934A-ECCA-4AD4-867B-AB0A9BEC052F}.Debug|x64.ActiveCfg = Debug|Any CPU
		{8A91934A-ECCA-4AD4-867B-AB0A9BEC052F}.Debug|x64.Build.0 = Debug|Any CPU
		{8A91934A-ECCA-4AD4-867B-AB0A9BEC052F}.Debug|x86.ActiveCfg = Debug|Any CPU
		{8A91934A-ECCA-4AD4-867B-AB0A9BEC052F}.Debug|x86.Build.0 = Debug|Any CPU
		{8A91934A-ECCA-4AD4-867B-AB0A9BEC052F}.PseudoDebug|Any CPU.ActiveCfg = PseudoDebug|Any CPU
		{8A91934A-ECCA-4AD4-867B-AB0A9BEC052F}.PseudoDebug|Any CPU.Build.0 = PseudoDebug|Any CPU
		{8A91934A-ECCA-4AD4-867B-AB0A9BEC052F}.PseudoDebug|x64.ActiveCfg = PseudoDebug|Any CPU
		{8A91934A-ECCA-4AD4-867B-AB0A9BEC052F}.PseudoDebug|x64.Build.0 = PseudoDebug|Any CPU
		{8A91934A-ECCA-4AD4-867B-AB0A9BEC052F}.PseudoDebug|x86.ActiveCfg = PseudoDebug|Any CPU
		{8A91934A-ECCA-4AD4-867B-AB0A9BEC052F}.PseudoDebug|x86.Build.0 = PseudoDebug|Any CPU
		{8A91934A-ECCA-4AD4-867B-AB0A9BEC052F}.Release|Any CPU.ActiveCfg = Release|Any CPU
		{8A91934A-ECCA-4AD4-867B-AB0A9BEC052F}.Release|Any CPU.Build.0 = Release|Any CPU
		{8A91934A-ECCA-4AD4-867B-AB0A9BEC052F}.Release|x64.ActiveCfg = Release|Any CPU
		{8A91934A-ECCA-4AD4-867B-AB0A9BEC052F}.Release|x64.Build.0 = Release|Any CPU
		{8A91934A-ECCA-4AD4-867B-AB0A9BEC052F}.Release|x86.ActiveCfg = Release|Any CPU
		{8A91934A-ECCA-4AD4-867B-AB0A9BEC052F}.Release|x86.Build.0 = Release|Any CPU
		{1FB08301-CC6B-4E48-A918-B96BF4F4D089}.Debug|Any CPU.ActiveCfg = Debug|Any CPU
		{1FB08301-CC6B-4E48-A918-B96BF4F4D089}.Debug|Any CPU.Build.0 = Debug|Any CPU
		{1FB08301-CC6B-4E48-A918-B96BF4F4D089}.Debug|x64.ActiveCfg = Debug|Any CPU
		{1FB08301-CC6B-4E48-A918-B96BF4F4D089}.Debug|x64.Build.0 = Debug|Any CPU
		{1FB08301-CC6B-4E48-A918-B96BF4F4D089}.Debug|x86.ActiveCfg = Debug|x86
		{1FB08301-CC6B-4E48-A918-B96BF4F4D089}.Debug|x86.Build.0 = Debug|x86
		{1FB08301-CC6B-4E48-A918-B96BF4F4D089}.PseudoDebug|Any CPU.ActiveCfg = PseudoDebug|Any CPU
		{1FB08301-CC6B-4E48-A918-B96BF4F4D089}.PseudoDebug|Any CPU.Build.0 = PseudoDebug|Any CPU
		{1FB08301-CC6B-4E48-A918-B96BF4F4D089}.PseudoDebug|x64.ActiveCfg = PseudoDebug|x64
		{1FB08301-CC6B-4E48-A918-B96BF4F4D089}.PseudoDebug|x64.Build.0 = PseudoDebug|x64
		{1FB08301-CC6B-4E48-A918-B96BF4F4D089}.PseudoDebug|x86.ActiveCfg = PseudoDebug|x86
		{1FB08301-CC6B-4E48-A918-B96BF4F4D089}.PseudoDebug|x86.Build.0 = PseudoDebug|x86
		{1FB08301-CC6B-4E48-A918-B96BF4F4D089}.Release|Any CPU.ActiveCfg = Release|Any CPU
		{1FB08301-CC6B-4E48-A918-B96BF4F4D089}.Release|Any CPU.Build.0 = Release|Any CPU
		{1FB08301-CC6B-4E48-A918-B96BF4F4D089}.Release|x64.ActiveCfg = Release|Any CPU
		{1FB08301-CC6B-4E48-A918-B96BF4F4D089}.Release|x64.Build.0 = Release|Any CPU
		{1FB08301-CC6B-4E48-A918-B96BF4F4D089}.Release|x86.ActiveCfg = Release|x86
		{1FB08301-CC6B-4E48-A918-B96BF4F4D089}.Release|x86.Build.0 = Release|x86
	EndGlobalSection
	GlobalSection(SolutionProperties) = preSolution
		HideSolutionNode = FALSE
	EndGlobalSection
	GlobalSection(ExtensibilityGlobals) = postSolution
		SolutionGuid = {0C855F0C-BE64-41A9-A36A-B41D4DC9F52C}
	EndGlobalSection
EndGlobal
