<?xml version="1.0" encoding="utf-8"?>
<Project ToolsVersion="4.0" xmlns="http://schemas.microsoft.com/developer/msbuild/2003">
  <ItemGroup>
    <Filter Include="Source Files">
      <UniqueIdentifier>{4FC737F1-C7A5-4376-A066-2A32D752A2FF}</UniqueIdentifier>
      <Extensions>cpp;c;cc;cxx;def;odl;idl;hpj;bat;asm;asmx</Extensions>
    </Filter>
    <Filter Include="Header Files">
      <UniqueIdentifier>{93995380-89BD-4b04-88EB-625FBE52EBFB}</UniqueIdentifier>
      <Extensions>h;hh;hpp;hxx;hm;inl;inc;ipp;xsd</Extensions>
    </Filter>
    <Filter Include="Source Files\Bootstrap">
      <UniqueIdentifier>{83f877f3-e17e-4875-995f-792e17379f12}</UniqueIdentifier>
    </Filter>
    <Filter Include="Header Files\Debug">
      <UniqueIdentifier>{fd061ba8-87a6-40d1-a62e-39087d7b183e}</UniqueIdentifier>
    </Filter>
    <Filter Include="Header Files\Globals">
      <UniqueIdentifier>{866049ef-e932-40ed-87a4-3f5f34889f03}</UniqueIdentifier>
    </Filter>
    <Filter Include="Source Files\Lua">
      <UniqueIdentifier>{32a560a9-dedf-45be-a5af-459e6e0e42a8}</UniqueIdentifier>
    </Filter>
    <Filter Include="Header Files\Curl">
      <UniqueIdentifier>{09ad9a46-6fc3-4e35-9eda-ebba355fb754}</UniqueIdentifier>
    </Filter>
    <Filter Include="Header Files\Cpr">
      <UniqueIdentifier>{9af6ad36-a778-452c-a0fe-984c0e5aae76}</UniqueIdentifier>
    </Filter>
    <Filter Include="Header Files\Json">
      <UniqueIdentifier>{453df8de-6260-47d2-b909-d90de5d21cf5}</UniqueIdentifier>
    </Filter>
    <Filter Include="Header Files\Hashing">
      <UniqueIdentifier>{96742e90-0ce8-4897-a147-a1a19c4b7d34}</UniqueIdentifier>
    </Filter>
    <Filter Include="Source Files\Hashing">
      <UniqueIdentifier>{173872a8-7912-4820-9179-02b91f15e685}</UniqueIdentifier>
    </Filter>
    <Filter Include="Header Files\Themida">
      <UniqueIdentifier>{e0d807be-b775-4b4c-af38-a8feb93a64cc}</UniqueIdentifier>
    </Filter>
    <Filter Include="Header Files\StringObfus">
      <UniqueIdentifier>{de8ce0ca-49e5-48f4-a2da-ef99d10b7631}</UniqueIdentifier>
    </Filter>
    <Filter Include="Header Files\NumericObfus">
      <UniqueIdentifier>{a4e35c99-3b56-4d8d-a192-7067d95afc0b}</UniqueIdentifier>
    </Filter>
    <Filter Include="Header Files\ImGui">
      <UniqueIdentifier>{1b4e8a8a-8e39-4d84-ac5b-812fc274eb6e}</UniqueIdentifier>
    </Filter>
    <Filter Include="Source Files\Resource Files">
      <UniqueIdentifier>{67DA6AB6-F800-4c08-8B7A-83BB121AAD01}</UniqueIdentifier>
      <Extensions>rc;ico;cur;bmp;dlg;rc2;rct;bin;rgs;gif;jpg;jpeg;jpe;resx;tiff;tif;png;wav;mfcribbon-ms</Extensions>
    </Filter>
    <Filter Include="Source Files\MemCheck">
      <UniqueIdentifier>{db72d874-790a-4e76-8b15-b4ed46eb952c}</UniqueIdentifier>
    </Filter>
    <Filter Include="Header Files\MemCheck">
      <UniqueIdentifier>{79e205d2-0dba-459d-a532-e55b92f11b30}</UniqueIdentifier>
    </Filter>
    <Filter Include="Header Files\WebSocket">
      <UniqueIdentifier>{6f84811a-a42f-42c8-8009-668154a3fa31}</UniqueIdentifier>
    </Filter>
    <Filter Include="Header Files\Registry">
      <UniqueIdentifier>{88a4ba23-5fb0-4f30-8ed5-3d6e95fa675c}</UniqueIdentifier>
    </Filter>
    <Filter Include="Source Files\BinarySerializer">
      <UniqueIdentifier>{a8b04ce2-a7f1-42fb-96b5-1954d3aedf60}</UniqueIdentifier>
    </Filter>
    <Filter Include="Source Files\Virtual Machine">
      <UniqueIdentifier>{5d4c04c5-a9c3-440c-b474-59189fe250dc}</UniqueIdentifier>
    </Filter>
    <Filter Include="Source Files\Hashing\XXHash">
      <UniqueIdentifier>{64f0596a-5391-4961-8d2c-618dcdb41fe7}</UniqueIdentifier>
    </Filter>
  </ItemGroup>
  <ItemGroup>
    <ClInclude Include="curl\curl.h">
      <Filter>Header Files\Curl</Filter>
    </ClInclude>
    <ClInclude Include="curl\curlver.h">
      <Filter>Header Files\Curl</Filter>
    </ClInclude>
    <ClInclude Include="curl\easy.h">
      <Filter>Header Files\Curl</Filter>
    </ClInclude>
    <ClInclude Include="curl\mprintf.h">
      <Filter>Header Files\Curl</Filter>
    </ClInclude>
    <ClInclude Include="curl\multi.h">
      <Filter>Header Files\Curl</Filter>
    </ClInclude>
    <ClInclude Include="curl\stdcheaders.h">
      <Filter>Header Files\Curl</Filter>
    </ClInclude>
    <ClInclude Include="curl\system.h">
      <Filter>Header Files\Curl</Filter>
    </ClInclude>
    <ClInclude Include="curl\typecheck-gcc.h">
      <Filter>Header Files\Curl</Filter>
    </ClInclude>
    <ClInclude Include="Source Dependencies\Lua\lapi.h">
      <Filter>Source Files\Lua</Filter>
    </ClInclude>
    <ClInclude Include="Source Dependencies\Lua\lauxlib.h">
      <Filter>Source Files\Lua</Filter>
    </ClInclude>
    <ClInclude Include="Source Dependencies\Lua\lcode.h">
      <Filter>Source Files\Lua</Filter>
    </ClInclude>
    <ClInclude Include="Source Dependencies\Lua\ldebug.h">
      <Filter>Source Files\Lua</Filter>
    </ClInclude>
    <ClInclude Include="Source Dependencies\Lua\ldo.h">
      <Filter>Source Files\Lua</Filter>
    </ClInclude>
    <ClInclude Include="Source Dependencies\Lua\lfunc.h">
      <Filter>Source Files\Lua</Filter>
    </ClInclude>
    <ClInclude Include="Source Dependencies\Lua\lgc.h">
      <Filter>Source Files\Lua</Filter>
    </ClInclude>
    <ClInclude Include="Source Dependencies\Lua\llex.h">
      <Filter>Source Files\Lua</Filter>
    </ClInclude>
    <ClInclude Include="Source Dependencies\Lua\llimits.h">
      <Filter>Source Files\Lua</Filter>
    </ClInclude>
    <ClInclude Include="Source Dependencies\Lua\lmem.h">
      <Filter>Source Files\Lua</Filter>
    </ClInclude>
    <ClInclude Include="Source Dependencies\Lua\lobject.h">
      <Filter>Source Files\Lua</Filter>
    </ClInclude>
    <ClInclude Include="Source Dependencies\Lua\lopcodes.h">
      <Filter>Source Files\Lua</Filter>
    </ClInclude>
    <ClInclude Include="Source Dependencies\Lua\lparser.h">
      <Filter>Source Files\Lua</Filter>
    </ClInclude>
    <ClInclude Include="Source Dependencies\Lua\lstate.h">
      <Filter>Source Files\Lua</Filter>
    </ClInclude>
    <ClInclude Include="Source Dependencies\Lua\lstring.h">
      <Filter>Source Files\Lua</Filter>
    </ClInclude>
    <ClInclude Include="Source Dependencies\Lua\ltable.h">
      <Filter>Source Files\Lua</Filter>
    </ClInclude>
    <ClInclude Include="Source Dependencies\Lua\ltm.h">
      <Filter>Source Files\Lua</Filter>
    </ClInclude>
    <ClInclude Include="Source Dependencies\Lua\lua.h">
      <Filter>Source Files\Lua</Filter>
    </ClInclude>
    <ClInclude Include="Source Dependencies\Lua\luaconf.h">
      <Filter>Source Files\Lua</Filter>
    </ClInclude>
    <ClInclude Include="Source Dependencies\Lua\lualib.h">
      <Filter>Source Files\Lua</Filter>
    </ClInclude>
    <ClInclude Include="Source Dependencies\Lua\lundump.h">
      <Filter>Source Files\Lua</Filter>
    </ClInclude>
    <ClInclude Include="Source Dependencies\Lua\lvm.h">
      <Filter>Source Files\Lua</Filter>
    </ClInclude>
    <ClInclude Include="Source Dependencies\Lua\lzio.h">
      <Filter>Source Files\Lua</Filter>
    </ClInclude>
    <ClInclude Include="Source Dependencies\ImGUI\imconfig.h">
      <Filter>Header Files\ImGui</Filter>
    </ClInclude>
    <ClInclude Include="Source Dependencies\ImGUI\imgui.h">
      <Filter>Header Files\ImGui</Filter>
    </ClInclude>
    <ClInclude Include="Source Dependencies\ImGUI\imgui_impl_dx11.h">
      <Filter>Header Files\ImGui</Filter>
    </ClInclude>
    <ClInclude Include="Source Dependencies\ImGUI\imgui_impl_win32.h">
      <Filter>Header Files\ImGui</Filter>
    </ClInclude>
    <ClInclude Include="Source Dependencies\ImGUI\imgui_internal.h">
      <Filter>Header Files\ImGui</Filter>
    </ClInclude>
    <ClInclude Include="Source Dependencies\ImGUI\imstb_rectpack.h">
      <Filter>Header Files\ImGui</Filter>
    </ClInclude>
    <ClInclude Include="Source Dependencies\ImGUI\imstb_textedit.h">
      <Filter>Header Files\ImGui</Filter>
    </ClInclude>
    <ClInclude Include="Source Dependencies\ImGUI\imstb_truetype.h">
      <Filter>Header Files\ImGui</Filter>
    </ClInclude>
    <ClInclude Include="Utilities\Buffer.hpp">
      <Filter>Source Files\BinarySerializer</Filter>
    </ClInclude>
    <ClInclude Include="Utilities\Console.hpp">
      <Filter>Header Files\Debug</Filter>
    </ClInclude>
    <ClInclude Include="Source Dependencies\json\json.hpp">
      <Filter>Header Files\Json</Filter>
    </ClInclude>
    <ClInclude Include="Utilities\WinReg.hpp">
      <Filter>Header Files\Registry</Filter>
    </ClInclude>
    <ClInclude Include="Utilities\Utils.hpp">
      <Filter>Header Files</Filter>
    </ClInclude>
    <ClInclude Include="Exploit\Security\PEBUnlink.hpp">
      <Filter>Header Files</Filter>
    </ClInclude>
    <ClInclude Include="Exploit\Security\DataBin.hpp">
      <Filter>Header Files</Filter>
    </ClInclude>
    <ClInclude Include="Exploit\Security\Fingerprint.hpp">
      <Filter>Header Files</Filter>
    </ClInclude>
    <ClInclude Include="Exploit\Misc\HttpStatus.hpp">
      <Filter>Header Files\Cpr</Filter>
    </ClInclude>
    <ClInclude Include="Exploit\Misc\Exception.hpp">
      <Filter>Header Files</Filter>
    </ClInclude>
    <ClInclude Include="Exploit\Misc\D3D.hpp">
      <Filter>Header Files</Filter>
    </ClInclude>
    <ClInclude Include="Exploit\Misc\Static.hpp">
      <Filter>Header Files\Globals</Filter>
    </ClInclude>
    <ClInclude Include="Source Dependencies\ImGUITextEditor\TextEditor.h">
      <Filter>Header Files\ImGui</Filter>
    </ClInclude>
    <ClInclude Include="Exploit\Execution\Conversion\RbxConversion.hpp">
      <Filter>Header Files</Filter>
    </ClInclude>
    <ClInclude Include="Exploit\Execution\Conversion\RbxOp.hpp">
      <Filter>Header Files</Filter>
    </ClInclude>
    <ClInclude Include="Exploit\Execution\RbxApi.hpp">
      <Filter>Header Files</Filter>
    </ClInclude>
    <ClInclude Include="Exploit\Execution\RbxLua.hpp">
      <Filter>Header Files</Filter>
    </ClInclude>
    <ClInclude Include="Exploit\Execution\Scheduler.hpp">
      <Filter>Header Files</Filter>
    </ClInclude>
    <ClInclude Include="Exploit\Execution\Conversion\ObfusDumper.hpp">
      <Filter>Header Files</Filter>
    </ClInclude>
    <ClInclude Include="Utilities\Obfuscation\ObfuscatedMember.hpp">
      <Filter>Header Files</Filter>
    </ClInclude>
    <ClInclude Include="Utilities\Obfuscation\Random.hpp">
      <Filter>Header Files</Filter>
    </ClInclude>
    <ClInclude Include="Utilities\Fill.hpp">
      <Filter>Header Files</Filter>
    </ClInclude>
    <ClInclude Include="Utilities\Obfuscation\ObfuscatedString.hpp">
      <Filter>Header Files</Filter>
    </ClInclude>
    <ClInclude Include="Utilities\Obfuscation\ObfuscatedNumber.hpp">
      <Filter>Header Files</Filter>
    </ClInclude>
    <ClInclude Include="Utilities\Obfuscation\ObfuscatedString.hpp">
      <Filter>Header Files</Filter>
    </ClInclude>
    <ClInclude Include="Exploit\Misc\AutoBin.hpp">
      <Filter>Header Files</Filter>
    </ClInclude>
    <ClInclude Include="Utilities\Spoofer.hpp">
      <Filter>Header Files</Filter>
    </ClInclude>
    <ClInclude Include="Exploit\Misc\CallingConvention.hpp">
      <Filter>Header Files</Filter>
    </ClInclude>
    <ClInclude Include="Utilities\Hashing\sha512.h">
      <Filter>Header Files\Hashing</Filter>
    </ClInclude>
    <ClInclude Include="Utilities\Hashing\XXHash32.h">
      <Filter>Header Files</Filter>
    </ClInclude>
    <ClInclude Include="Utilities\Hashing\XXHash64.h">
      <Filter>Header Files</Filter>
    </ClInclude>
    <ClInclude Include="Exploit\Security\AntiTamper.hpp">
      <Filter>Header Files</Filter>
    </ClInclude>
    <ClInclude Include="Exploit\Misc\Profiler.hpp">
      <Filter>Header Files</Filter>
    </ClInclude>
    <ClInclude Include="Utilities\SafeQueue.hpp">
      <Filter>Header Files</Filter>
    </ClInclude>
    <ClInclude Include="Exploit\Security\FunctionReader.hpp">
      <Filter>Header Files</Filter>
    </ClInclude>
    <ClInclude Include="Utilities\Obfuscation\ObfuscatedStringTea.hpp">
      <Filter>Header Files</Filter>
    </ClInclude>
    <ClInclude Include="Exploit\Security\SysHook.hpp">
      <Filter>Header Files</Filter>
    </ClInclude>
    <ClInclude Include="Exploit\Misc\Fonts.hpp">
      <Filter>Header Files</Filter>
    </ClInclude>
    <ClInclude Include="Source Dependencies\xxtea\xxtea.h">
      <Filter>Header Files</Filter>
    </ClInclude>
    <ClInclude Include="Utilities\Scanner.hpp">
      <Filter>Header Files</Filter>
    </ClInclude>
    <ClInclude Include="Source Dependencies\httplib\httplib.h">
      <Filter>Header Files</Filter>
    </ClInclude>
    <ClInclude Include="Source Dependencies\httplib\webclient.h">
      <Filter>Header Files</Filter>
    </ClInclude>
    <ClInclude Include="Source Dependencies\cpr\api.h">
      <Filter>Header Files</Filter>
    </ClInclude>
    <ClInclude Include="Source Dependencies\cpr\auth.h">
      <Filter>Header Files</Filter>
    </ClInclude>
    <ClInclude Include="Source Dependencies\cpr\body.h">
      <Filter>Header Files</Filter>
    </ClInclude>
    <ClInclude Include="Source Dependencies\cpr\cookies.h">
      <Filter>Header Files</Filter>
    </ClInclude>
    <ClInclude Include="Source Dependencies\cpr\cpr.h">
      <Filter>Header Files</Filter>
    </ClInclude>
    <ClInclude Include="Source Dependencies\cpr\cprtypes.h">
      <Filter>Header Files</Filter>
    </ClInclude>
    <ClInclude Include="Source Dependencies\cpr\curlholder.h">
      <Filter>Header Files</Filter>
    </ClInclude>
    <ClInclude Include="Source Dependencies\cpr\defines.h">
      <Filter>Header Files</Filter>
    </ClInclude>
    <ClInclude Include="Source Dependencies\cpr\digest.h">
      <Filter>Header Files</Filter>
    </ClInclude>
    <ClInclude Include="Source Dependencies\cpr\error.h">
      <Filter>Header Files</Filter>
    </ClInclude>
    <ClInclude Include="Source Dependencies\cpr\low_speed.h">
      <Filter>Header Files</Filter>
    </ClInclude>
    <ClInclude Include="Source Dependencies\cpr\max_redirects.h">
      <Filter>Header Files</Filter>
    </ClInclude>
    <ClInclude Include="Source Dependencies\cpr\multipart.h">
      <Filter>Header Files</Filter>
    </ClInclude>
    <ClInclude Include="Source Dependencies\cpr\parameters.h">
      <Filter>Header Files</Filter>
    </ClInclude>
    <ClInclude Include="Source Dependencies\cpr\payload.h">
      <Filter>Header Files</Filter>
    </ClInclude>
    <ClInclude Include="Source Dependencies\cpr\proxies.h">
      <Filter>Header Files</Filter>
    </ClInclude>
    <ClInclude Include="Source Dependencies\cpr\response.h">
      <Filter>Header Files</Filter>
    </ClInclude>
    <ClInclude Include="Source Dependencies\cpr\session.h">
      <Filter>Header Files</Filter>
    </ClInclude>
    <ClInclude Include="Source Dependencies\cpr\ssl_options.h">
      <Filter>Header Files</Filter>
    </ClInclude>
    <ClInclude Include="Source Dependencies\cpr\timeout.h">
      <Filter>Header Files</Filter>
    </ClInclude>
    <ClInclude Include="Source Dependencies\cpr\util.h">
      <Filter>Header Files</Filter>
    </ClInclude>
    <ClInclude Include="Exploit\Misc\Resource.hpp">
      <Filter>Header Files</Filter>
    </ClInclude>
    <ClInclude Include="Exploit\Execution\Virtual Machine\HSVM.hpp">
      <Filter>Source Files\Virtual Machine</Filter>
    </ClInclude>
    <ClInclude Include="Exploit\Execution\Virtual Machine\VMBase.hpp">
      <Filter>Source Files\Virtual Machine</Filter>
    </ClInclude>
    <ClInclude Include="Exploit\Misc\PointerObfuscation.hpp">
      <Filter>Header Files</Filter>
    </ClInclude>
    <ClInclude Include="Exploit\Misc\Structures.hpp">
      <Filter>Header Files</Filter>
    </ClInclude>
    <ClInclude Include="Exploit\Execution\Conversion\RbxLuauConversion.hpp">
      <Filter>Header Files</Filter>
    </ClInclude>
    <ClInclude Include="Utilities\MemSpoofer.hpp">
      <Filter>Header Files</Filter>
    </ClInclude>
    <ClInclude Include="Source Dependencies\ImGUI\imgui_freetype.h">
      <Filter>Header Files</Filter>
    </ClInclude>
    <ClInclude Include="Exploit\Misc\ExplorerIcons.hpp">
      <Filter>Header Files</Filter>
    </ClInclude>
    <ClInclude Include="Exploit\Execution\Lorraine\lorraine_llex.hpp">
      <Filter>Header Files</Filter>
    </ClInclude>
    <ClInclude Include="Exploit\Execution\Lorraine\lorraine_device.hpp">
      <Filter>Header Files</Filter>
    </ClInclude>
    <ClInclude Include="Exploit\Execution\Lorraine\lorraine_across.hpp">
      <Filter>Header Files</Filter>
    </ClInclude>
    <ClInclude Include="Exploit\Security\AntiProxy.hpp">
      <Filter>Header Files</Filter>
    </ClInclude>
    <ClInclude Include="Exploit\Execution\Lorraine\lorraine_uir.hpp">
      <Filter>Header Files</Filter>
    </ClInclude>
    <ClInclude Include="Utilities\FakeMemoryHasher.hpp">
      <Filter>Header Files</Filter>
    </ClInclude>
    <ClInclude Include="Exploit\Security\MemCheck.hpp">
      <Filter>Header Files\MemCheck</Filter>
    </ClInclude>
    <ClInclude Include="Utilities\Hashing\XXHash\xxhash.h">
      <Filter>Source Files\Hashing\XXHash</Filter>
    </ClInclude>
    <ClInclude Include="Utilities\Hashing\XXHash\xxh3.h">
      <Filter>Source Files\Hashing\XXHash</Filter>
    </ClInclude>
    <ClInclude Include="Utilities\Hashing\fnv.hpp">
      <Filter>Source Files\Hashing</Filter>
    </ClInclude>
    <ClInclude Include="Exploit\Execution\Lorraine\half.hpp">
      <Filter>Header Files</Filter>
    </ClInclude>
    <ClInclude Include="Exploit\Execution\RbxInstance.hpp">
      <Filter>Header Files</Filter>
    </ClInclude>
    <ClInclude Include="Exploit\Security\AntiDebug.hpp">
      <Filter>Header Files</Filter>
    </ClInclude>
    <ClInclude Include="Exploit\Security\AntiDump.hpp">
      <Filter>Header Files</Filter>
    </ClInclude>
  </ItemGroup>
  <ItemGroup>
    <ClCompile Include="Source Dependencies\Lua\lapi.c">
      <Filter>Source Files\Lua</Filter>
    </ClCompile>
    <ClCompile Include="Source Dependencies\Lua\lauxlib.c">
      <Filter>Source Files\Lua</Filter>
    </ClCompile>
    <ClCompile Include="Source Dependencies\Lua\lbaselib.c">
      <Filter>Source Files\Lua</Filter>
    </ClCompile>
    <ClCompile Include="Source Dependencies\Lua\lcode.c">
      <Filter>Source Files\Lua</Filter>
    </ClCompile>
    <ClCompile Include="Source Dependencies\Lua\ldblib.c">
      <Filter>Source Files\Lua</Filter>
    </ClCompile>
    <ClCompile Include="Source Dependencies\Lua\ldebug.c">
      <Filter>Source Files\Lua</Filter>
    </ClCompile>
    <ClCompile Include="Source Dependencies\Lua\ldo.c">
      <Filter>Source Files\Lua</Filter>
    </ClCompile>
    <ClCompile Include="Source Dependencies\Lua\ldump.c">
      <Filter>Source Files\Lua</Filter>
    </ClCompile>
    <ClCompile Include="Source Dependencies\Lua\lfunc.c">
      <Filter>Source Files\Lua</Filter>
    </ClCompile>
    <ClCompile Include="Source Dependencies\Lua\lgc.c">
      <Filter>Source Files\Lua</Filter>
    </ClCompile>
    <ClCompile Include="Source Dependencies\Lua\linit.c">
      <Filter>Source Files\Lua</Filter>
    </ClCompile>
    <ClCompile Include="Source Dependencies\Lua\liolib.c">
      <Filter>Source Files\Lua</Filter>
    </ClCompile>
    <ClCompile Include="Source Dependencies\Lua\llex.c">
      <Filter>Source Files\Lua</Filter>
    </ClCompile>
    <ClCompile Include="Source Dependencies\Lua\lmathlib.c">
      <Filter>Source Files\Lua</Filter>
    </ClCompile>
    <ClCompile Include="Source Dependencies\Lua\lmem.c">
      <Filter>Source Files\Lua</Filter>
    </ClCompile>
    <ClCompile Include="Source Dependencies\Lua\loadlib.c">
      <Filter>Source Files\Lua</Filter>
    </ClCompile>
    <ClCompile Include="Source Dependencies\Lua\lobject.c">
      <Filter>Source Files\Lua</Filter>
    </ClCompile>
    <ClCompile Include="Source Dependencies\Lua\lopcodes.c">
      <Filter>Source Files\Lua</Filter>
    </ClCompile>
    <ClCompile Include="Source Dependencies\Lua\loslib.c">
      <Filter>Source Files\Lua</Filter>
    </ClCompile>
    <ClCompile Include="Source Dependencies\Lua\lparser.c">
      <Filter>Source Files\Lua</Filter>
    </ClCompile>
    <ClCompile Include="Source Dependencies\Lua\lstate.c">
      <Filter>Source Files\Lua</Filter>
    </ClCompile>
    <ClCompile Include="Source Dependencies\Lua\lstring.c">
      <Filter>Source Files\Lua</Filter>
    </ClCompile>
    <ClCompile Include="Source Dependencies\Lua\lstrlib.c">
      <Filter>Source Files\Lua</Filter>
    </ClCompile>
    <ClCompile Include="Source Dependencies\Lua\ltable.c">
      <Filter>Source Files\Lua</Filter>
    </ClCompile>
    <ClCompile Include="Source Dependencies\Lua\ltablib.c">
      <Filter>Source Files\Lua</Filter>
    </ClCompile>
    <ClCompile Include="Source Dependencies\Lua\ltm.c">
      <Filter>Source Files\Lua</Filter>
    </ClCompile>
    <ClCompile Include="Source Dependencies\Lua\lundump.c">
      <Filter>Source Files\Lua</Filter>
    </ClCompile>
    <ClCompile Include="Source Dependencies\Lua\lvm.c">
      <Filter>Source Files\Lua</Filter>
    </ClCompile>
    <ClCompile Include="Source Dependencies\Lua\lzio.c">
      <Filter>Source Files\Lua</Filter>
    </ClCompile>
    <ClCompile Include="Source Dependencies\ImGUI\imgui.cpp">
      <Filter>Header Files\ImGui</Filter>
    </ClCompile>
    <ClCompile Include="Source Dependencies\ImGUI\imgui_demo.cpp">
      <Filter>Header Files\ImGui</Filter>
    </ClCompile>
    <ClCompile Include="Source Dependencies\ImGUI\imgui_draw.cpp">
      <Filter>Header Files\ImGui</Filter>
    </ClCompile>
    <ClCompile Include="Source Dependencies\ImGUI\imgui_impl_dx11.cpp">
      <Filter>Header Files\ImGui</Filter>
    </ClCompile>
    <ClCompile Include="Source Dependencies\ImGUI\imgui_impl_win32.cpp">
      <Filter>Header Files\ImGui</Filter>
    </ClCompile>
    <ClCompile Include="Source Dependencies\ImGUI\imgui_widgets.cpp">
      <Filter>Header Files\ImGui</Filter>
    </ClCompile>
    <ClCompile Include="Utilities\Buffer.cpp">
      <Filter>Source Files\BinarySerializer</Filter>
    </ClCompile>
    <ClCompile Include="Exploit\Misc\Entry.cpp">
      <Filter>Source Files\Bootstrap</Filter>
    </ClCompile>
    <ClCompile Include="Source Dependencies\ImGUITextEditor\TextEditor.cpp">
      <Filter>Header Files\ImGui</Filter>
    </ClCompile>
    <ClCompile Include="Exploit\Security\MemCheck.cpp">
      <Filter>Source Files\MemCheck</Filter>
    </ClCompile>
    <ClCompile Include="Exploit\Execution\RbxApi.cpp">
      <Filter>Source Files</Filter>
    </ClCompile>
    <ClCompile Include="Exploit\Execution\RbxLua.cpp">
      <Filter>Source Files</Filter>
    </ClCompile>
    <ClCompile Include="Utilities\Utils.cpp">
      <Filter>Source Files</Filter>
    </ClCompile>
    <ClCompile Include="Utilities\Hashing\sha512.cpp">
      <Filter>Source Files\Hashing</Filter>
    </ClCompile>
    <ClCompile Include="Exploit\Security\AntiTamper.cpp">
      <Filter>Source Files</Filter>
    </ClCompile>
    <ClCompile Include="Exploit\Security\FunctionReader.cpp">
      <Filter>Source Files</Filter>
    </ClCompile>
    <ClCompile Include="Exploit\Execution\Scheduler.cpp">
      <Filter>Source Files</Filter>
    </ClCompile>
    <ClCompile Include="Exploit\Security\SysHook.cpp">
      <Filter>Source Files</Filter>
    </ClCompile>
    <ClCompile Include="Source Dependencies\xxtea\xxtea.c">
      <Filter>Source Files</Filter>
    </ClCompile>
    <ClCompile Include="Exploit\Execution\Conversion\RbxConversion.cpp">
      <Filter>Source Files</Filter>
    </ClCompile>
    <ClCompile Include="Exploit\Misc\D3D.cpp">
      <Filter>Source Files</Filter>
    </ClCompile>
    <ClCompile Include="Exploit\Execution\RbxYield.cpp">
      <Filter>Source Files</Filter>
    </ClCompile>
    <ClCompile Include="Exploit\Misc\Static.cpp">
      <Filter>Source Files</Filter>
    </ClCompile>
    <ClCompile Include="Source Dependencies\cpr\auth.cpp">
      <Filter>Source Files</Filter>
    </ClCompile>
    <ClCompile Include="Source Dependencies\cpr\cookies.cpp">
      <Filter>Source Files</Filter>
    </ClCompile>
    <ClCompile Include="Source Dependencies\cpr\cprtypes.cpp">
      <Filter>Source Files</Filter>
    </ClCompile>
    <ClCompile Include="Source Dependencies\cpr\digest.cpp">
      <Filter>Source Files</Filter>
    </ClCompile>
    <ClCompile Include="Source Dependencies\cpr\error.cpp">
      <Filter>Source Files</Filter>
    </ClCompile>
    <ClCompile Include="Source Dependencies\cpr\multipart.cpp">
      <Filter>Source Files</Filter>
    </ClCompile>
    <ClCompile Include="Source Dependencies\cpr\parameters.cpp">
      <Filter>Source Files</Filter>
    </ClCompile>
    <ClCompile Include="Source Dependencies\cpr\payload.cpp">
      <Filter>Source Files</Filter>
    </ClCompile>
    <ClCompile Include="Source Dependencies\cpr\proxies.cpp">
      <Filter>Source Files</Filter>
    </ClCompile>
    <ClCompile Include="Source Dependencies\cpr\session.cpp">
      <Filter>Source Files</Filter>
    </ClCompile>
    <ClCompile Include="Source Dependencies\cpr\ssl_options.cpp">
      <Filter>Source Files</Filter>
    </ClCompile>
    <ClCompile Include="Source Dependencies\cpr\timeout.cpp">
      <Filter>Source Files</Filter>
    </ClCompile>
    <ClCompile Include="Source Dependencies\cpr\util.cpp">
      <Filter>Source Files</Filter>
    </ClCompile>
    <ClCompile Include="Exploit\Execution\Virtual Machine\HSVM.cpp">
      <Filter>Source Files\Virtual Machine</Filter>
    </ClCompile>
    <ClCompile Include="Exploit\Misc\Structures.cpp">
      <Filter>Source Files</Filter>
    </ClCompile>
    <ClCompile Include="Exploit\Execution\Conversion\RbxLuauConversion.cpp">
      <Filter>Source Files</Filter>
    </ClCompile>
    <ClCompile Include="Source Dependencies\ImGUI\imgui_freetype.cpp">
      <Filter>Source Files</Filter>
    </ClCompile>
    <ClCompile Include="Exploit\Misc\PointerObfuscation.cpp">
      <Filter>Source Files</Filter>
    </ClCompile>
    <ClCompile Include="Exploit\Execution\Lorraine\lorraine_llex.cpp">
      <Filter>Source Files</Filter>
    </ClCompile>
    <ClCompile Include="Exploit\Execution\Lorraine\lorraine_device.cpp">
      <Filter>Source Files</Filter>
    </ClCompile>
    <ClCompile Include="Exploit\Execution\Lorraine\lorraine_uir.cpp">
      <Filter>Source Files</Filter>
    </ClCompile>
    <ClCompile Include="Utilities\FakeMemoryHasher.cpp">
      <Filter>Source Files</Filter>
    </ClCompile>
    <ClCompile Include="Utilities\Hashing\XXHash\xxhash.c">
      <Filter>Source Files\Hashing\XXHash</Filter>
    </ClCompile>
    <ClCompile Include="Exploit\Security\HookedFunctions.cpp">
      <Filter>Source Files</Filter>
    </ClCompile>
    <ClCompile Include="Exploit\Execution\RbxInstance.cpp">
      <Filter>Source Files</Filter>
    </ClCompile>
    <ClCompile Include="Exploit\Security\AntiDump.cpp">
      <Filter>Source Files</Filter>
    </ClCompile>
  </ItemGroup>
  <ItemGroup>
    <None Include="Exploit\Misc\Flags.hpp" />
    <None Include="Exploit\Misc\Updated.hpp" />
  </ItemGroup>
</Project>